
Microsoft Visual Studio Solution File, Format Version 12.00
# Visual Studio 2013
VisualStudioVersion = 12.0.31101.0
MinimumVisualStudioVersion = 10.0.40219.1
Project("{FAE04EC0-301F-11D3-BF4B-00C04F79EFBC}") = "boomerang.host", "source\boomerang.host\boomerang.host.csproj", "{D319B04C-384A-40F7-BAF9-12557EFCB29C}"
EndProject
Project("{FAE04EC0-301F-11D3-BF4B-00C04F79EFBC}") = "boomerang.tests.acceptance", "tests\boomerang.tests.acceptance\boomerang.tests.acceptance.csproj", "{BEC48938-A801-4062-BFA2-55D9EF15B9FF}"
EndProject
Project("{FAE04EC0-301F-11D3-BF4B-00C04F79EFBC}") = "boomerang.tests.unit", "tests\boomerang.tests.unit\boomerang.tests.unit.csproj", "{76104EAE-4EC9-409A-9096-85110DD1D946}"
EndProject
Project("{FAE04EC0-301F-11D3-BF4B-00C04F79EFBC}") = "boomerang.diagnostics", "source\boomerang.diagnostics\boomerang.diagnostics.csproj", "{F129C6E8-654D-482F-A532-82C67217B1C0}"
EndProject
Global
	GlobalSection(SolutionConfigurationPlatforms) = preSolution
		Debug|Any CPU = Debug|Any CPU
		Release|Any CPU = Release|Any CPU
	EndGlobalSection
	GlobalSection(ProjectConfigurationPlatforms) = postSolution
		{D319B04C-384A-40F7-BAF9-12557EFCB29C}.Debug|Any CPU.ActiveCfg = Debug|Any CPU
		{D319B04C-384A-40F7-BAF9-12557EFCB29C}.Debug|Any CPU.Build.0 = Debug|Any CPU
		{D319B04C-384A-40F7-BAF9-12557EFCB29C}.Release|Any CPU.ActiveCfg = Release|Any CPU
		{D319B04C-384A-40F7-BAF9-12557EFCB29C}.Release|Any CPU.Build.0 = Release|Any CPU
		{BEC48938-A801-4062-BFA2-55D9EF15B9FF}.Debug|Any CPU.ActiveCfg = Debug|Any CPU
		{BEC48938-A801-4062-BFA2-55D9EF15B9FF}.Debug|Any CPU.Build.0 = Debug|Any CPU
		{BEC48938-A801-4062-BFA2-55D9EF15B9FF}.Release|Any CPU.ActiveCfg = Release|Any CPU
		{BEC48938-A801-4062-BFA2-55D9EF15B9FF}.Release|Any CPU.Build.0 = Release|Any CPU
		{76104EAE-4EC9-409A-9096-85110DD1D946}.Debug|Any CPU.ActiveCfg = Debug|Any CPU
		{76104EAE-4EC9-409A-9096-85110DD1D946}.Debug|Any CPU.Build.0 = Debug|Any CPU
		{76104EAE-4EC9-409A-9096-85110DD1D946}.Release|Any CPU.ActiveCfg = Release|Any CPU
		{76104EAE-4EC9-409A-9096-85110DD1D946}.Release|Any CPU.Build.0 = Release|Any CPU
		{F129C6E8-654D-482F-A532-82C67217B1C0}.Debug|Any CPU.ActiveCfg = Debug|Any CPU
		{F129C6E8-654D-482F-A532-82C67217B1C0}.Debug|Any CPU.Build.0 = Debug|Any CPU
		{F129C6E8-654D-482F-A532-82C67217B1C0}.Release|Any CPU.ActiveCfg = Release|Any CPU
		{F129C6E8-654D-482F-A532-82C67217B1C0}.Release|Any CPU.Build.0 = Release|Any CPU
	EndGlobalSection
	GlobalSection(SolutionProperties) = preSolution
		HideSolutionNode = FALSE
	EndGlobalSection
EndGlobal
